// !$*UTF8*$!
{
	archiveVersion = 1;
	classes = {
	};
	objectVersion = 56;
	objects = {

/* Begin PBXBuildFile section */
		936D5D0B2B08576A009D33F5 /* ProgressView.swift in Sources */ = {isa = PBXBuildFile; fileRef = 936D5D0A2B08576A009D33F5 /* ProgressView.swift */; };
		936D5D0D2B085815009D33F5 /* RecipesView.swift in Sources */ = {isa = PBXBuildFile; fileRef = 936D5D0C2B085815009D33F5 /* RecipesView.swift */; };
		936D5D0F2B08581F009D33F5 /* FoodList.swift in Sources */ = {isa = PBXBuildFile; fileRef = 936D5D0E2B08581F009D33F5 /* FoodList.swift */; };
		936D5D182B0AF4E8009D33F5 /* Ingredient.swift in Sources */ = {isa = PBXBuildFile; fileRef = 936D5D172B0AF4E8009D33F5 /* Ingredient.swift */; };
		990901FA2B0B40C500A2B1D9 /* IngredientManager.swift in Sources */ = {isa = PBXBuildFile; fileRef = 990901F92B0B40C500A2B1D9 /* IngredientManager.swift */; };
		D1E9D3572B08503800BA45C8 /* CKJY_FinalApp.swift in Sources */ = {isa = PBXBuildFile; fileRef = D1E9D3562B08503800BA45C8 /* CKJY_FinalApp.swift */; };
		D1E9D3592B08503800BA45C8 /* ContentView.swift in Sources */ = {isa = PBXBuildFile; fileRef = D1E9D3582B08503800BA45C8 /* ContentView.swift */; };
		D1E9D35B2B08503A00BA45C8 /* Assets.xcassets in Resources */ = {isa = PBXBuildFile; fileRef = D1E9D35A2B08503A00BA45C8 /* Assets.xcassets */; };
		D1E9D35E2B08503A00BA45C8 /* Preview Assets.xcassets in Resources */ = {isa = PBXBuildFile; fileRef = D1E9D35D2B08503A00BA45C8 /* Preview Assets.xcassets */; };
		D1E9D3682B08503B00BA45C8 /* CKJY_FinalTests.swift in Sources */ = {isa = PBXBuildFile; fileRef = D1E9D3672B08503B00BA45C8 /* CKJY_FinalTests.swift */; };
		D1E9D3722B08503B00BA45C8 /* CKJY_FinalUITests.swift in Sources */ = {isa = PBXBuildFile; fileRef = D1E9D3712B08503B00BA45C8 /* CKJY_FinalUITests.swift */; };
		D1E9D3742B08503B00BA45C8 /* CKJY_FinalUITestsLaunchTests.swift in Sources */ = {isa = PBXBuildFile; fileRef = D1E9D3732B08503B00BA45C8 /* CKJY_FinalUITestsLaunchTests.swift */; };
/* End PBXBuildFile section */

/* Begin PBXContainerItemProxy section */
		D1E9D3642B08503B00BA45C8 /* PBXContainerItemProxy */ = {
			isa = PBXContainerItemProxy;
			containerPortal = D1E9D34B2B08503800BA45C8 /* Project object */;
			proxyType = 1;
			remoteGlobalIDString = D1E9D3522B08503800BA45C8;
			remoteInfo = "CKJY Final";
		};
		D1E9D36E2B08503B00BA45C8 /* PBXContainerItemProxy */ = {
			isa = PBXContainerItemProxy;
			containerPortal = D1E9D34B2B08503800BA45C8 /* Project object */;
			proxyType = 1;
			remoteGlobalIDString = D1E9D3522B08503800BA45C8;
			remoteInfo = "CKJY Final";
		};
/* End PBXContainerItemProxy section */

/* Begin PBXFileReference section */
		936D5D0A2B08576A009D33F5 /* ProgressView.swift */ = {isa = PBXFileReference; lastKnownFileType = sourcecode.swift; path = ProgressView.swift; sourceTree = "<group>"; };
		936D5D0C2B085815009D33F5 /* RecipesView.swift */ = {isa = PBXFileReference; lastKnownFileType = sourcecode.swift; path = RecipesView.swift; sourceTree = "<group>"; };
		936D5D0E2B08581F009D33F5 /* FoodList.swift */ = {isa = PBXFileReference; lastKnownFileType = sourcecode.swift; path = FoodList.swift; sourceTree = "<group>"; };
		936D5D172B0AF4E8009D33F5 /* Ingredient.swift */ = {isa = PBXFileReference; lastKnownFileType = sourcecode.swift; path = Ingredient.swift; sourceTree = "<group>"; };
		990901F92B0B40C500A2B1D9 /* IngredientManager.swift */ = {isa = PBXFileReference; lastKnownFileType = sourcecode.swift; path = IngredientManager.swift; sourceTree = "<group>"; };
		D1E9D3532B08503800BA45C8 /* CKJY Final.app */ = {isa = PBXFileReference; explicitFileType = wrapper.application; includeInIndex = 0; path = "CKJY Final.app"; sourceTree = BUILT_PRODUCTS_DIR; };
		D1E9D3562B08503800BA45C8 /* CKJY_FinalApp.swift */ = {isa = PBXFileReference; lastKnownFileType = sourcecode.swift; path = CKJY_FinalApp.swift; sourceTree = "<group>"; };
		D1E9D3582B08503800BA45C8 /* ContentView.swift */ = {isa = PBXFileReference; lastKnownFileType = sourcecode.swift; path = ContentView.swift; sourceTree = "<group>"; };
		D1E9D35A2B08503A00BA45C8 /* Assets.xcassets */ = {isa = PBXFileReference; lastKnownFileType = folder.assetcatalog; path = Assets.xcassets; sourceTree = "<group>"; };
		D1E9D35D2B08503A00BA45C8 /* Preview Assets.xcassets */ = {isa = PBXFileReference; lastKnownFileType = folder.assetcatalog; path = "Preview Assets.xcassets"; sourceTree = "<group>"; };
		D1E9D3632B08503B00BA45C8 /* CKJY FinalTests.xctest */ = {isa = PBXFileReference; explicitFileType = wrapper.cfbundle; includeInIndex = 0; path = "CKJY FinalTests.xctest"; sourceTree = BUILT_PRODUCTS_DIR; };
		D1E9D3672B08503B00BA45C8 /* CKJY_FinalTests.swift */ = {isa = PBXFileReference; lastKnownFileType = sourcecode.swift; path = CKJY_FinalTests.swift; sourceTree = "<group>"; };
		D1E9D36D2B08503B00BA45C8 /* CKJY FinalUITests.xctest */ = {isa = PBXFileReference; explicitFileType = wrapper.cfbundle; includeInIndex = 0; path = "CKJY FinalUITests.xctest"; sourceTree = BUILT_PRODUCTS_DIR; };
		D1E9D3712B08503B00BA45C8 /* CKJY_FinalUITests.swift */ = {isa = PBXFileReference; lastKnownFileType = sourcecode.swift; path = CKJY_FinalUITests.swift; sourceTree = "<group>"; };
		D1E9D3732B08503B00BA45C8 /* CKJY_FinalUITestsLaunchTests.swift */ = {isa = PBXFileReference; lastKnownFileType = sourcecode.swift; path = CKJY_FinalUITestsLaunchTests.swift; sourceTree = "<group>"; };
/* End PBXFileReference section */

/* Begin PBXFrameworksBuildPhase section */
		D1E9D3502B08503800BA45C8 /* Frameworks */ = {
			isa = PBXFrameworksBuildPhase;
			buildActionMask = 2147483647;
			files = (
			);
			runOnlyForDeploymentPostprocessing = 0;
		};
		D1E9D3602B08503B00BA45C8 /* Frameworks */ = {
			isa = PBXFrameworksBuildPhase;
			buildActionMask = 2147483647;
			files = (
			);
			runOnlyForDeploymentPostprocessing = 0;
		};
		D1E9D36A2B08503B00BA45C8 /* Frameworks */ = {
			isa = PBXFrameworksBuildPhase;
			buildActionMask = 2147483647;
			files = (
			);
			runOnlyForDeploymentPostprocessing = 0;
		};
/* End PBXFrameworksBuildPhase section */

/* Begin PBXGroup section */
		936D5D162B0AEBDA009D33F5 /* FoodListView */ = {
			isa = PBXGroup;
			children = (
				936D5D0E2B08581F009D33F5 /* FoodList.swift */,
				936D5D172B0AF4E8009D33F5 /* Ingredient.swift */,
				990901F92B0B40C500A2B1D9 /* IngredientManager.swift */,
			);
			path = FoodListView;
			sourceTree = "<group>";
		};
		D1E9D34A2B08503800BA45C8 = {
			isa = PBXGroup;
			children = (
				D1E9D3552B08503800BA45C8 /* CKJY Final */,
				D1E9D3662B08503B00BA45C8 /* CKJY FinalTests */,
				D1E9D3702B08503B00BA45C8 /* CKJY FinalUITests */,
				D1E9D3542B08503800BA45C8 /* Products */,
			);
			sourceTree = "<group>";
		};
		D1E9D3542B08503800BA45C8 /* Products */ = {
			isa = PBXGroup;
			children = (
				D1E9D3532B08503800BA45C8 /* CKJY Final.app */,
				D1E9D3632B08503B00BA45C8 /* CKJY FinalTests.xctest */,
				D1E9D36D2B08503B00BA45C8 /* CKJY FinalUITests.xctest */,
			);
			name = Products;
			sourceTree = "<group>";
		};
		D1E9D3552B08503800BA45C8 /* CKJY Final */ = {
			isa = PBXGroup;
			children = (
				D1E9D3562B08503800BA45C8 /* CKJY_FinalApp.swift */,
				D1E9D3582B08503800BA45C8 /* ContentView.swift */,
				936D5D162B0AEBDA009D33F5 /* FoodListView */,
				936D5D0C2B085815009D33F5 /* RecipesView.swift */,
				936D5D0A2B08576A009D33F5 /* ProgressView.swift */,
				D1E9D35A2B08503A00BA45C8 /* Assets.xcassets */,
				D1E9D35C2B08503A00BA45C8 /* Preview Content */,
			);
			path = "CKJY Final";
			sourceTree = "<group>";
		};
		D1E9D35C2B08503A00BA45C8 /* Preview Content */ = {
			isa = PBXGroup;
			children = (
				D1E9D35D2B08503A00BA45C8 /* Preview Assets.xcassets */,
			);
			path = "Preview Content";
			sourceTree = "<group>";
		};
		D1E9D3662B08503B00BA45C8 /* CKJY FinalTests */ = {
			isa = PBXGroup;
			children = (
				D1E9D3672B08503B00BA45C8 /* CKJY_FinalTests.swift */,
			);
			path = "CKJY FinalTests";
			sourceTree = "<group>";
		};
		D1E9D3702B08503B00BA45C8 /* CKJY FinalUITests */ = {
			isa = PBXGroup;
			children = (
				D1E9D3712B08503B00BA45C8 /* CKJY_FinalUITests.swift */,
				D1E9D3732B08503B00BA45C8 /* CKJY_FinalUITestsLaunchTests.swift */,
			);
			path = "CKJY FinalUITests";
			sourceTree = "<group>";
		};
/* End PBXGroup section */

/* Begin PBXNativeTarget section */
		D1E9D3522B08503800BA45C8 /* CKJY Final */ = {
			isa = PBXNativeTarget;
			buildConfigurationList = D1E9D3772B08503B00BA45C8 /* Build configuration list for PBXNativeTarget "CKJY Final" */;
			buildPhases = (
				D1E9D34F2B08503800BA45C8 /* Sources */,
				D1E9D3502B08503800BA45C8 /* Frameworks */,
				D1E9D3512B08503800BA45C8 /* Resources */,
			);
			buildRules = (
			);
			dependencies = (
			);
			name = "CKJY Final";
			productName = "CKJY Final";
			productReference = D1E9D3532B08503800BA45C8 /* CKJY Final.app */;
			productType = "com.apple.product-type.application";
		};
		D1E9D3622B08503B00BA45C8 /* CKJY FinalTests */ = {
			isa = PBXNativeTarget;
			buildConfigurationList = D1E9D37A2B08503B00BA45C8 /* Build configuration list for PBXNativeTarget "CKJY FinalTests" */;
			buildPhases = (
				D1E9D35F2B08503B00BA45C8 /* Sources */,
				D1E9D3602B08503B00BA45C8 /* Frameworks */,
				D1E9D3612B08503B00BA45C8 /* Resources */,
			);
			buildRules = (
			);
			dependencies = (
				D1E9D3652B08503B00BA45C8 /* PBXTargetDependency */,
			);
			name = "CKJY FinalTests";
			productName = "CKJY FinalTests";
			productReference = D1E9D3632B08503B00BA45C8 /* CKJY FinalTests.xctest */;
			productType = "com.apple.product-type.bundle.unit-test";
		};
		D1E9D36C2B08503B00BA45C8 /* CKJY FinalUITests */ = {
			isa = PBXNativeTarget;
			buildConfigurationList = D1E9D37D2B08503B00BA45C8 /* Build configuration list for PBXNativeTarget "CKJY FinalUITests" */;
			buildPhases = (
				D1E9D3692B08503B00BA45C8 /* Sources */,
				D1E9D36A2B08503B00BA45C8 /* Frameworks */,
				D1E9D36B2B08503B00BA45C8 /* Resources */,
			);
			buildRules = (
			);
			dependencies = (
				D1E9D36F2B08503B00BA45C8 /* PBXTargetDependency */,
			);
			name = "CKJY FinalUITests";
			productName = "CKJY FinalUITests";
			productReference = D1E9D36D2B08503B00BA45C8 /* CKJY FinalUITests.xctest */;
			productType = "com.apple.product-type.bundle.ui-testing";
		};
/* End PBXNativeTarget section */

/* Begin PBXProject section */
		D1E9D34B2B08503800BA45C8 /* Project object */ = {
			isa = PBXProject;
			attributes = {
				BuildIndependentTargetsInParallel = 1;
				LastSwiftUpdateCheck = 1420;
				LastUpgradeCheck = 1420;
				TargetAttributes = {
					D1E9D3522B08503800BA45C8 = {
						CreatedOnToolsVersion = 14.2;
					};
					D1E9D3622B08503B00BA45C8 = {
						CreatedOnToolsVersion = 14.2;
						TestTargetID = D1E9D3522B08503800BA45C8;
					};
					D1E9D36C2B08503B00BA45C8 = {
						CreatedOnToolsVersion = 14.2;
						TestTargetID = D1E9D3522B08503800BA45C8;
					};
				};
			};
			buildConfigurationList = D1E9D34E2B08503800BA45C8 /* Build configuration list for PBXProject "CKJY Final" */;
			compatibilityVersion = "Xcode 14.0";
			developmentRegion = en;
			hasScannedForEncodings = 0;
			knownRegions = (
				en,
				Base,
			);
			mainGroup = D1E9D34A2B08503800BA45C8;
			productRefGroup = D1E9D3542B08503800BA45C8 /* Products */;
			projectDirPath = "";
			projectRoot = "";
			targets = (
				D1E9D3522B08503800BA45C8 /* CKJY Final */,
				D1E9D3622B08503B00BA45C8 /* CKJY FinalTests */,
				D1E9D36C2B08503B00BA45C8 /* CKJY FinalUITests */,
			);
		};
/* End PBXProject section */

/* Begin PBXResourcesBuildPhase section */
		D1E9D3512B08503800BA45C8 /* Resources */ = {
			isa = PBXResourcesBuildPhase;
			buildActionMask = 2147483647;
			files = (
				D1E9D35E2B08503A00BA45C8 /* Preview Assets.xcassets in Resources */,
				D1E9D35B2B08503A00BA45C8 /* Assets.xcassets in Resources */,
			);
			runOnlyForDeploymentPostprocessing = 0;
		};
		D1E9D3612B08503B00BA45C8 /* Resources */ = {
			isa = PBXResourcesBuildPhase;
			buildActionMask = 2147483647;
			files = (
			);
			runOnlyForDeploymentPostprocessing = 0;
		};
		D1E9D36B2B08503B00BA45C8 /* Resources */ = {
			isa = PBXResourcesBuildPhase;
			buildActionMask = 2147483647;
			files = (
			);
			runOnlyForDeploymentPostprocessing = 0;
		};
/* End PBXResourcesBuildPhase section */

/* Begin PBXSourcesBuildPhase section */
		D1E9D34F2B08503800BA45C8 /* Sources */ = {
			isa = PBXSourcesBuildPhase;
			buildActionMask = 2147483647;
			files = (
				936D5D0F2B08581F009D33F5 /* FoodList.swift in Sources */,
				D1E9D3592B08503800BA45C8 /* ContentView.swift in Sources */,
				D1E9D3572B08503800BA45C8 /* CKJY_FinalApp.swift in Sources */,
				936D5D0D2B085815009D33F5 /* RecipesView.swift in Sources */,
				936D5D182B0AF4E8009D33F5 /* Ingredient.swift in Sources */,
				936D5D0B2B08576A009D33F5 /* ProgressView.swift in Sources */,
				990901FA2B0B40C500A2B1D9 /* IngredientManager.swift in Sources */,
			);
			runOnlyForDeploymentPostprocessing = 0;
		};
		D1E9D35F2B08503B00BA45C8 /* Sources */ = {
			isa = PBXSourcesBuildPhase;
			buildActionMask = 2147483647;
			files = (
				D1E9D3682B08503B00BA45C8 /* CKJY_FinalTests.swift in Sources */,
			);
			runOnlyForDeploymentPostprocessing = 0;
		};
		D1E9D3692B08503B00BA45C8 /* Sources */ = {
			isa = PBXSourcesBuildPhase;
			buildActionMask = 2147483647;
			files = (
				D1E9D3742B08503B00BA45C8 /* CKJY_FinalUITestsLaunchTests.swift in Sources */,
				D1E9D3722B08503B00BA45C8 /* CKJY_FinalUITests.swift in Sources */,
			);
			runOnlyForDeploymentPostprocessing = 0;
		};
/* End PBXSourcesBuildPhase section */

/* Begin PBXTargetDependency section */
		D1E9D3652B08503B00BA45C8 /* PBXTargetDependency */ = {
			isa = PBXTargetDependency;
			target = D1E9D3522B08503800BA45C8 /* CKJY Final */;
			targetProxy = D1E9D3642B08503B00BA45C8 /* PBXContainerItemProxy */;
		};
		D1E9D36F2B08503B00BA45C8 /* PBXTargetDependency */ = {
			isa = PBXTargetDependency;
			target = D1E9D3522B08503800BA45C8 /* CKJY Final */;
			targetProxy = D1E9D36E2B08503B00BA45C8 /* PBXContainerItemProxy */;
		};
/* End PBXTargetDependency section */

/* Begin XCBuildConfiguration section */
		D1E9D3752B08503B00BA45C8 /* Debug */ = {
			isa = XCBuildConfiguration;
			buildSettings = {
				ALWAYS_SEARCH_USER_PATHS = NO;
				CLANG_ANALYZER_NONNULL = YES;
				CLANG_ANALYZER_NUMBER_OBJECT_CONVERSION = YES_AGGRESSIVE;
				CLANG_CXX_LANGUAGE_STANDARD = "gnu++20";
				CLANG_ENABLE_MODULES = YES;
				CLANG_ENABLE_OBJC_ARC = YES;
				CLANG_ENABLE_OBJC_WEAK = YES;
				CLANG_WARN_BLOCK_CAPTURE_AUTORELEASING = YES;
				CLANG_WARN_BOOL_CONVERSION = YES;
				CLANG_WARN_COMMA = YES;
				CLANG_WARN_CONSTANT_CONVERSION = YES;
				CLANG_WARN_DEPRECATED_OBJC_IMPLEMENTATIONS = YES;
				CLANG_WARN_DIRECT_OBJC_ISA_USAGE = YES_ERROR;
				CLANG_WARN_DOCUMENTATION_COMMENTS = YES;
				CLANG_WARN_EMPTY_BODY = YES;
				CLANG_WARN_ENUM_CONVERSION = YES;
				CLANG_WARN_INFINITE_RECURSION = YES;
				CLANG_WARN_INT_CONVERSION = YES;
				CLANG_WARN_NON_LITERAL_NULL_CONVERSION = YES;
				CLANG_WARN_OBJC_IMPLICIT_RETAIN_SELF = YES;
				CLANG_WARN_OBJC_LITERAL_CONVERSION = YES;
				CLANG_WARN_OBJC_ROOT_CLASS = YES_ERROR;
				CLANG_WARN_QUOTED_INCLUDE_IN_FRAMEWORK_HEADER = YES;
				CLANG_WARN_RANGE_LOOP_ANALYSIS = YES;
				CLANG_WARN_STRICT_PROTOTYPES = YES;
				CLANG_WARN_SUSPICIOUS_MOVE = YES;
				CLANG_WARN_UNGUARDED_AVAILABILITY = YES_AGGRESSIVE;
				CLANG_WARN_UNREACHABLE_CODE = YES;
				CLANG_WARN__DUPLICATE_METHOD_MATCH = YES;
				COPY_PHASE_STRIP = NO;
				DEBUG_INFORMATION_FORMAT = dwarf;
				ENABLE_STRICT_OBJC_MSGSEND = YES;
				ENABLE_TESTABILITY = YES;
				GCC_C_LANGUAGE_STANDARD = gnu11;
				GCC_DYNAMIC_NO_PIC = NO;
				GCC_NO_COMMON_BLOCKS = YES;
				GCC_OPTIMIZATION_LEVEL = 0;
				GCC_PREPROCESSOR_DEFINITIONS = (
					"DEBUG=1",
					"$(inherited)",
				);
				GCC_WARN_64_TO_32_BIT_CONVERSION = YES;
				GCC_WARN_ABOUT_RETURN_TYPE = YES_ERROR;
				GCC_WARN_UNDECLARED_SELECTOR = YES;
				GCC_WARN_UNINITIALIZED_AUTOS = YES_AGGRESSIVE;
				GCC_WARN_UNUSED_FUNCTION = YES;
				GCC_WARN_UNUSED_VARIABLE = YES;
				IPHONEOS_DEPLOYMENT_TARGET = 16.2;
				MTL_ENABLE_DEBUG_INFO = INCLUDE_SOURCE;
				MTL_FAST_MATH = YES;
				ONLY_ACTIVE_ARCH = YES;
				SDKROOT = iphoneos;
				SWIFT_ACTIVE_COMPILATION_CONDITIONS = DEBUG;
				SWIFT_OPTIMIZATION_LEVEL = "-Onone";
			};
			name = Debug;
		};
		D1E9D3762B08503B00BA45C8 /* Release */ = {
			isa = XCBuildConfiguration;
			buildSettings = {
				ALWAYS_SEARCH_USER_PATHS = NO;
				CLANG_ANALYZER_NONNULL = YES;
				CLANG_ANALYZER_NUMBER_OBJECT_CONVERSION = YES_AGGRESSIVE;
				CLANG_CXX_LANGUAGE_STANDARD = "gnu++20";
				CLANG_ENABLE_MODULES = YES;
				CLANG_ENABLE_OBJC_ARC = YES;
				CLANG_ENABLE_OBJC_WEAK = YES;
				CLANG_WARN_BLOCK_CAPTURE_AUTORELEASING = YES;
				CLANG_WARN_BOOL_CONVERSION = YES;
				CLANG_WARN_COMMA = YES;
				CLANG_WARN_CONSTANT_CONVERSION = YES;
				CLANG_WARN_DEPRECATED_OBJC_IMPLEMENTATIONS = YES;
				CLANG_WARN_DIRECT_OBJC_ISA_USAGE = YES_ERROR;
				CLANG_WARN_DOCUMENTATION_COMMENTS = YES;
				CLANG_WARN_EMPTY_BODY = YES;
				CLANG_WARN_ENUM_CONVERSION = YES;
				CLANG_WARN_INFINITE_RECURSION = YES;
				CLANG_WARN_INT_CONVERSION = YES;
				CLANG_WARN_NON_LITERAL_NULL_CONVERSION = YES;
				CLANG_WARN_OBJC_IMPLICIT_RETAIN_SELF = YES;
				CLANG_WARN_OBJC_LITERAL_CONVERSION = YES;
				CLANG_WARN_OBJC_ROOT_CLASS = YES_ERROR;
				CLANG_WARN_QUOTED_INCLUDE_IN_FRAMEWORK_HEADER = YES;
				CLANG_WARN_RANGE_LOOP_ANALYSIS = YES;
				CLANG_WARN_STRICT_PROTOTYPES = YES;
				CLANG_WARN_SUSPICIOUS_MOVE = YES;
				CLANG_WARN_UNGUARDED_AVAILABILITY = YES_AGGRESSIVE;
				CLANG_WARN_UNREACHABLE_CODE = YES;
				CLANG_WARN__DUPLICATE_METHOD_MATCH = YES;
				COPY_PHASE_STRIP = NO;
				DEBUG_INFORMATION_FORMAT = "dwarf-with-dsym";
				ENABLE_NS_ASSERTIONS = NO;
				ENABLE_STRICT_OBJC_MSGSEND = YES;
				GCC_C_LANGUAGE_STANDARD = gnu11;
				GCC_NO_COMMON_BLOCKS = YES;
				GCC_WARN_64_TO_32_BIT_CONVERSION = YES;
				GCC_WARN_ABOUT_RETURN_TYPE = YES_ERROR;
				GCC_WARN_UNDECLARED_SELECTOR = YES;
				GCC_WARN_UNINITIALIZED_AUTOS = YES_AGGRESSIVE;
				GCC_WARN_UNUSED_FUNCTION = YES;
				GCC_WARN_UNUSED_VARIABLE = YES;
				IPHONEOS_DEPLOYMENT_TARGET = 16.2;
				MTL_ENABLE_DEBUG_INFO = NO;
				MTL_FAST_MATH = YES;
				SDKROOT = iphoneos;
				SWIFT_COMPILATION_MODE = wholemodule;
				SWIFT_OPTIMIZATION_LEVEL = "-O";
				VALIDATE_PRODUCT = YES;
			};
			name = Release;
		};
		D1E9D3782B08503B00BA45C8 /* Debug */ = {
			isa = XCBuildConfiguration;
			buildSettings = {
				ASSETCATALOG_COMPILER_APPICON_NAME = AppIcon;
				ASSETCATALOG_COMPILER_GLOBAL_ACCENT_COLOR_NAME = AccentColor;
				CODE_SIGN_STYLE = Automatic;
				CURRENT_PROJECT_VERSION = 1;
				DEVELOPMENT_ASSET_PATHS = "\"CKJY Final/Preview Content\"";
				ENABLE_PREVIEWS = YES;
				GENERATE_INFOPLIST_FILE = YES;
				INFOPLIST_KEY_UIApplicationSceneManifest_Generation = YES;
				INFOPLIST_KEY_UIApplicationSupportsIndirectInputEvents = YES;
				INFOPLIST_KEY_UILaunchScreen_Generation = YES;
				INFOPLIST_KEY_UISupportedInterfaceOrientations_iPad = "UIInterfaceOrientationPortrait UIInterfaceOrientationPortraitUpsideDown UIInterfaceOrientationLandscapeLeft UIInterfaceOrientationLandscapeRight";
				INFOPLIST_KEY_UISupportedInterfaceOrientations_iPhone = "UIInterfaceOrientationPortrait UIInterfaceOrientationLandscapeLeft UIInterfaceOrientationLandscapeRight";
				LD_RUNPATH_SEARCH_PATHS = (
					"$(inherited)",
					"@executable_path/Frameworks",
				);
				MARKETING_VERSION = 1.0;
				PRODUCT_BUNDLE_IDENTIFIER = "com.yunyek.CKJY-Final";
				PRODUCT_NAME = "$(TARGET_NAME)";
				SWIFT_EMIT_LOC_STRINGS = YES;
				SWIFT_VERSION = 5.0;
				TARGETED_DEVICE_FAMILY = "1,2";
			};
			name = Debug;
		};
		D1E9D3792B08503B00BA45C8 /* Release */ = {
			isa = XCBuildConfiguration;
			buildSettings = {
				ASSETCATALOG_COMPILER_APPICON_NAME = AppIcon;
				ASSETCATALOG_COMPILER_GLOBAL_ACCENT_COLOR_NAME = AccentColor;
				CODE_SIGN_STYLE = Automatic;
				CURRENT_PROJECT_VERSION = 1;
				DEVELOPMENT_ASSET_PATHS = "\"CKJY Final/Preview Content\"";
				ENABLE_PREVIEWS = YES;
				GENERATE_INFOPLIST_FILE = YES;
				INFOPLIST_KEY_UIApplicationSceneManifest_Generation = YES;
				INFOPLIST_KEY_UIApplicationSupportsIndirectInputEvents = YES;
				INFOPLIST_KEY_UILaunchScreen_Generation = YES;
				INFOPLIST_KEY_UISupportedInterfaceOrientations_iPad = "UIInterfaceOrientationPortrait UIInterfaceOrientationPortraitUpsideDown UIInterfaceOrientationLandscapeLeft UIInterfaceOrientationLandscapeRight";
				INFOPLIST_KEY_UISupportedInterfaceOrientations_iPhone = "UIInterfaceOrientationPortrait UIInterfaceOrientationLandscapeLeft UIInterfaceOrientationLandscapeRight";
				LD_RUNPATH_SEARCH_PATHS = (
					"$(inherited)",
					"@executable_path/Frameworks",
				);
				MARKETING_VERSION = 1.0;
				PRODUCT_BUNDLE_IDENTIFIER = "com.yunyek.CKJY-Final";
				PRODUCT_NAME = "$(TARGET_NAME)";
				SWIFT_EMIT_LOC_STRINGS = YES;
				SWIFT_VERSION = 5.0;
				TARGETED_DEVICE_FAMILY = "1,2";
			};
			name = Release;
		};
		D1E9D37B2B08503B00BA45C8 /* Debug */ = {
			isa = XCBuildConfiguration;
			buildSettings = {
				ALWAYS_EMBED_SWIFT_STANDARD_LIBRARIES = YES;
				BUNDLE_LOADER = "$(TEST_HOST)";
				CODE_SIGN_STYLE = Automatic;
				CURRENT_PROJECT_VERSION = 1;
				GENERATE_INFOPLIST_FILE = YES;
				IPHONEOS_DEPLOYMENT_TARGET = 16.2;
				MARKETING_VERSION = 1.0;
				PRODUCT_BUNDLE_IDENTIFIER = "com.yunyek.CKJY-FinalTests";
				PRODUCT_NAME = "$(TARGET_NAME)";
				SWIFT_EMIT_LOC_STRINGS = NO;
				SWIFT_VERSION = 5.0;
				TARGETED_DEVICE_FAMILY = "1,2";
				TEST_HOST = "$(BUILT_PRODUCTS_DIR)/CKJY Final.app/$(BUNDLE_EXECUTABLE_FOLDER_PATH)/CKJY Final";
			};
			name = Debug;
		};
		D1E9D37C2B08503B00BA45C8 /* Release */ = {
			isa = XCBuildConfiguration;
			buildSettings = {
				ALWAYS_EMBED_SWIFT_STANDARD_LIBRARIES = YES;
				BUNDLE_LOADER = "$(TEST_HOST)";
				CODE_SIGN_STYLE = Automatic;
				CURRENT_PROJECT_VERSION = 1;
				GENERATE_INFOPLIST_FILE = YES;
				IPHONEOS_DEPLOYMENT_TARGET = 16.2;
				MARKETING_VERSION = 1.0;
				PRODUCT_BUNDLE_IDENTIFIER = "com.yunyek.CKJY-FinalTests";
				PRODUCT_NAME = "$(TARGET_NAME)";
				SWIFT_EMIT_LOC_STRINGS = NO;
				SWIFT_VERSION = 5.0;
				TARGETED_DEVICE_FAMILY = "1,2";
				TEST_HOST = "$(BUILT_PRODUCTS_DIR)/CKJY Final.app/$(BUNDLE_EXECUTABLE_FOLDER_PATH)/CKJY Final";
			};
			name = Release;
		};
		D1E9D37E2B08503B00BA45C8 /* Debug */ = {
			isa = XCBuildConfiguration;
			buildSettings = {
				ALWAYS_EMBED_SWIFT_STANDARD_LIBRARIES = YES;
				CODE_SIGN_STYLE = Automatic;
				CURRENT_PROJECT_VERSION = 1;
				GENERATE_INFOPLIST_FILE = YES;
				MARKETING_VERSION = 1.0;
				PRODUCT_BUNDLE_IDENTIFIER = "com.yunyek.CKJY-FinalUITests";
				PRODUCT_NAME = "$(TARGET_NAME)";
				SWIFT_EMIT_LOC_STRINGS = NO;
				SWIFT_VERSION = 5.0;
				TARGETED_DEVICE_FAMILY = "1,2";
				TEST_TARGET_NAME = "CKJY Final";
			};
			name = Debug;
		};
		D1E9D37F2B08503B00BA45C8 /* Release */ = {
			isa = XCBuildConfiguration;
			buildSettings = {
				ALWAYS_EMBED_SWIFT_STANDARD_LIBRARIES = YES;
				CODE_SIGN_STYLE = Automatic;
				CURRENT_PROJECT_VERSION = 1;
				GENERATE_INFOPLIST_FILE = YES;
				MARKETING_VERSION = 1.0;
				PRODUCT_BUNDLE_IDENTIFIER = "com.yunyek.CKJY-FinalUITests";
				PRODUCT_NAME = "$(TARGET_NAME)";
				SWIFT_EMIT_LOC_STRINGS = NO;
				SWIFT_VERSION = 5.0;
				TARGETED_DEVICE_FAMILY = "1,2";
				TEST_TARGET_NAME = "CKJY Final";
			};
			name = Release;
		};
/* End XCBuildConfiguration section */

/* Begin XCConfigurationList section */
		D1E9D34E2B08503800BA45C8 /* Build configuration list for PBXProject "CKJY Final" */ = {
			isa = XCConfigurationList;
			buildConfigurations = (
				D1E9D3752B08503B00BA45C8 /* Debug */,
				D1E9D3762B08503B00BA45C8 /* Release */,
			);
			defaultConfigurationIsVisible = 0;
			defaultConfigurationName = Release;
		};
		D1E9D3772B08503B00BA45C8 /* Build configuration list for PBXNativeTarget "CKJY Final" */ = {
			isa = XCConfigurationList;
			buildConfigurations = (
				D1E9D3782B08503B00BA45C8 /* Debug */,
				D1E9D3792B08503B00BA45C8 /* Release */,
			);
			defaultConfigurationIsVisible = 0;
			defaultConfigurationName = Release;
		};
		D1E9D37A2B08503B00BA45C8 /* Build configuration list for PBXNativeTarget "CKJY FinalTests" */ = {
			isa = XCConfigurationList;
			buildConfigurations = (
				D1E9D37B2B08503B00BA45C8 /* Debug */,
				D1E9D37C2B08503B00BA45C8 /* Release */,
			);
			defaultConfigurationIsVisible = 0;
			defaultConfigurationName = Release;
		};
		D1E9D37D2B08503B00BA45C8 /* Build configuration list for PBXNativeTarget "CKJY FinalUITests" */ = {
			isa = XCConfigurationList;
			buildConfigurations = (
				D1E9D37E2B08503B00BA45C8 /* Debug */,
				D1E9D37F2B08503B00BA45C8 /* Release */,
			);
			defaultConfigurationIsVisible = 0;
			defaultConfigurationName = Release;
		};
/* End XCConfigurationList section */
	};
	rootObject = D1E9D34B2B08503800BA45C8 /* Project object */;
}
